// !$*UTF8*$!
{
	archiveVersion = 1;
	classes = {
	};
	objectVersion = 56;
	objects = {

/* Begin PBXBuildFile section */
		5D01DFF02B708FFC0042FE5E /* ContentView.swift in Sources */ = {isa = PBXBuildFile; fileRef = 5D01DFEF2B708FFC0042FE5E /* ContentView.swift */; };
		5D01DFF22B70900F0042FE5E /* SendToDB.swift in Sources */ = {isa = PBXBuildFile; fileRef = 5D01DFF12B70900F0042FE5E /* SendToDB.swift */; };
		5D01DFF52B7091DD0042FE5E /* Kingfisher in Frameworks */ = {isa = PBXBuildFile; productRef = 5D01DFF42B7091DD0042FE5E /* Kingfisher */; };
		5D01DFF72B70939C0042FE5E /* NextView.swift in Sources */ = {isa = PBXBuildFile; fileRef = 5D01DFF62B70939C0042FE5E /* NextView.swift */; };
		5D01DFF92B7094F30042FE5E /* CheckPermission.swift in Sources */ = {isa = PBXBuildFile; fileRef = 5D01DFF82B7094F30042FE5E /* CheckPermission.swift */; };
		5D01DFFB2B7097A90042FE5E /* ChangeImageSize.swift in Sources */ = {isa = PBXBuildFile; fileRef = 5D01DFFA2B7097A90042FE5E /* ChangeImageSize.swift */; };
		5D063A1C2B61251B003C3E9D /* nfc_tagAppApp.swift in Sources */ = {isa = PBXBuildFile; fileRef = 5D063A1B2B61251B003C3E9D /* nfc_tagAppApp.swift */; };
		5D063A2D2B6125BE003C3E9D /* FirebaseAnalytics in Frameworks */ = {isa = PBXBuildFile; productRef = 5D063A2C2B6125BE003C3E9D /* FirebaseAnalytics */; };
		5D063A2F2B6125BE003C3E9D /* FirebaseAnalyticsOnDeviceConversion in Frameworks */ = {isa = PBXBuildFile; productRef = 5D063A2E2B6125BE003C3E9D /* FirebaseAnalyticsOnDeviceConversion */; };
		5D063A312B6125BE003C3E9D /* FirebaseAnalyticsSwift in Frameworks */ = {isa = PBXBuildFile; productRef = 5D063A302B6125BE003C3E9D /* FirebaseAnalyticsSwift */; };
		5D063A332B6125BE003C3E9D /* FirebaseAnalyticsWithoutAdIdSupport in Frameworks */ = {isa = PBXBuildFile; productRef = 5D063A322B6125BE003C3E9D /* FirebaseAnalyticsWithoutAdIdSupport */; };
		5D063A352B6125BE003C3E9D /* FirebaseAppCheck in Frameworks */ = {isa = PBXBuildFile; productRef = 5D063A342B6125BE003C3E9D /* FirebaseAppCheck */; };
		5D063A392B612616003C3E9D /* CodableNFCManager.swift in Sources */ = {isa = PBXBuildFile; fileRef = 5D063A372B612616003C3E9D /* CodableNFCManager.swift */; };
		5D063A3A2B612616003C3E9D /* NFCManager.swift in Sources */ = {isa = PBXBuildFile; fileRef = 5D063A382B612616003C3E9D /* NFCManager.swift */; };
		5D063A472B612637003C3E9D /* CustomSinpleTab.swift in Sources */ = {isa = PBXBuildFile; fileRef = 5D063A3C2B612637003C3E9D /* CustomSinpleTab.swift */; };
		5D063A482B612637003C3E9D /* TabModel.swift in Sources */ = {isa = PBXBuildFile; fileRef = 5D063A3D2B612637003C3E9D /* TabModel.swift */; };
		5D063A492B612637003C3E9D /* TabViewModel.swift in Sources */ = {isa = PBXBuildFile; fileRef = 5D063A3E2B612637003C3E9D /* TabViewModel.swift */; };
		5D063A4A2B612637003C3E9D /* CustonSinpleTabBar.swift in Sources */ = {isa = PBXBuildFile; fileRef = 5D063A3F2B612637003C3E9D /* CustonSinpleTabBar.swift */; };
		5D063A4B2B612637003C3E9D /* LoadIntoNFC.swift in Sources */ = {isa = PBXBuildFile; fileRef = 5D063A412B612637003C3E9D /* LoadIntoNFC.swift */; };
		5D063A4C2B612637003C3E9D /* WriteIntoNFC.swift in Sources */ = {isa = PBXBuildFile; fileRef = 5D063A422B612637003C3E9D /* WriteIntoNFC.swift */; };
		5D063A4D2B612637003C3E9D /* MainView.swift in Sources */ = {isa = PBXBuildFile; fileRef = 5D063A432B612637003C3E9D /* MainView.swift */; };
		5D063A4E2B612637003C3E9D /* ReadIntoNFCViewModel.swift in Sources */ = {isa = PBXBuildFile; fileRef = 5D063A452B612637003C3E9D /* ReadIntoNFCViewModel.swift */; };
		5D063A4F2B612637003C3E9D /* WriteIntoNFCViewModel.swift in Sources */ = {isa = PBXBuildFile; fileRef = 5D063A462B612637003C3E9D /* WriteIntoNFCViewModel.swift */; };
		5D5AA7372B70B4EE003E196D /* Assets.xcassets in Resources */ = {isa = PBXBuildFile; fileRef = 5D063A1F2B61251B003C3E9D /* Assets.xcassets */; };
		5D5AA7382B70B4F2003E196D /* Preview Assets.xcassets in Resources */ = {isa = PBXBuildFile; fileRef = 5D063A222B61251B003C3E9D /* Preview Assets.xcassets */; };
		5D5AA73A2B70C0B6003E196D /* ShotView.swift in Sources */ = {isa = PBXBuildFile; fileRef = 5D5AA7392B70C0B6003E196D /* ShotView.swift */; };
		5D5AA73C2B70D803003E196D /* UIImagePickerView.swift in Sources */ = {isa = PBXBuildFile; fileRef = 5D5AA73B2B70D803003E196D /* UIImagePickerView.swift */; };
		5D5AA73E2B7124C3003E196D /* AsyncCompactMap.swift in Sources */ = {isa = PBXBuildFile; fileRef = 5D5AA73D2B7124C3003E196D /* AsyncCompactMap.swift */; };
		5DC711D82B62B4DE00257AF3 /* GoogleService-Info.plist in Resources */ = {isa = PBXBuildFile; fileRef = 5DC711D72B62B4DE00257AF3 /* GoogleService-Info.plist */; };
		5DC712972B6A4D7300257AF3 /* FirebaseAuth in Frameworks */ = {isa = PBXBuildFile; productRef = 5DC712962B6A4D7300257AF3 /* FirebaseAuth */; };
		5DEA0B322B6A51E60040F2E3 /* FirebaseClient.swift in Sources */ = {isa = PBXBuildFile; fileRef = 5DEA0B312B6A51E60040F2E3 /* FirebaseClient.swift */; };
		5DEA0B342B6A52060040F2E3 /* FirebaseStorage in Frameworks */ = {isa = PBXBuildFile; productRef = 5DEA0B332B6A52060040F2E3 /* FirebaseStorage */; };
		5DEA0B362B6A522E0040F2E3 /* FirebaseFirestoreSwift in Frameworks */ = {isa = PBXBuildFile; productRef = 5DEA0B352B6A522E0040F2E3 /* FirebaseFirestoreSwift */; };
		5DEA0B382B6A52540040F2E3 /* FirebaseDatabase in Frameworks */ = {isa = PBXBuildFile; productRef = 5DEA0B372B6A52540040F2E3 /* FirebaseDatabase */; };
		5DEA0B3A2B6A52700040F2E3 /* Data.swift in Sources */ = {isa = PBXBuildFile; fileRef = 5DEA0B392B6A52700040F2E3 /* Data.swift */; };
/* End PBXBuildFile section */

/* Begin PBXFileReference section */
		5D01DFEF2B708FFC0042FE5E /* ContentView.swift */ = {isa = PBXFileReference; fileEncoding = 4; lastKnownFileType = sourcecode.swift; path = ContentView.swift; sourceTree = "<group>"; };
		5D01DFF12B70900F0042FE5E /* SendToDB.swift */ = {isa = PBXFileReference; fileEncoding = 4; lastKnownFileType = sourcecode.swift; path = SendToDB.swift; sourceTree = "<group>"; };
		5D01DFF62B70939C0042FE5E /* NextView.swift */ = {isa = PBXFileReference; lastKnownFileType = sourcecode.swift; path = NextView.swift; sourceTree = "<group>"; };
		5D01DFF82B7094F30042FE5E /* CheckPermission.swift */ = {isa = PBXFileReference; fileEncoding = 4; lastKnownFileType = sourcecode.swift; path = CheckPermission.swift; sourceTree = "<group>"; };
		5D01DFFA2B7097A90042FE5E /* ChangeImageSize.swift */ = {isa = PBXFileReference; fileEncoding = 4; lastKnownFileType = sourcecode.swift; path = ChangeImageSize.swift; sourceTree = "<group>"; };
		5D063A182B61251B003C3E9D /* nfc-tagApp.app */ = {isa = PBXFileReference; explicitFileType = wrapper.application; includeInIndex = 0; path = "nfc-tagApp.app"; sourceTree = BUILT_PRODUCTS_DIR; };
		5D063A1B2B61251B003C3E9D /* nfc_tagAppApp.swift */ = {isa = PBXFileReference; lastKnownFileType = sourcecode.swift; path = nfc_tagAppApp.swift; sourceTree = "<group>"; };
		5D063A1F2B61251B003C3E9D /* Assets.xcassets */ = {isa = PBXFileReference; lastKnownFileType = folder.assetcatalog; path = Assets.xcassets; sourceTree = "<group>"; };
		5D063A222B61251B003C3E9D /* Preview Assets.xcassets */ = {isa = PBXFileReference; lastKnownFileType = folder.assetcatalog; path = "Preview Assets.xcassets"; sourceTree = "<group>"; };
		5D063A372B612616003C3E9D /* CodableNFCManager.swift */ = {isa = PBXFileReference; fileEncoding = 4; lastKnownFileType = sourcecode.swift; path = CodableNFCManager.swift; sourceTree = "<group>"; };
		5D063A382B612616003C3E9D /* NFCManager.swift */ = {isa = PBXFileReference; fileEncoding = 4; lastKnownFileType = sourcecode.swift; path = NFCManager.swift; sourceTree = "<group>"; };
		5D063A3C2B612637003C3E9D /* CustomSinpleTab.swift */ = {isa = PBXFileReference; fileEncoding = 4; lastKnownFileType = sourcecode.swift; path = CustomSinpleTab.swift; sourceTree = "<group>"; };
		5D063A3D2B612637003C3E9D /* TabModel.swift */ = {isa = PBXFileReference; fileEncoding = 4; lastKnownFileType = sourcecode.swift; path = TabModel.swift; sourceTree = "<group>"; };
		5D063A3E2B612637003C3E9D /* TabViewModel.swift */ = {isa = PBXFileReference; fileEncoding = 4; lastKnownFileType = sourcecode.swift; path = TabViewModel.swift; sourceTree = "<group>"; };
		5D063A3F2B612637003C3E9D /* CustonSinpleTabBar.swift */ = {isa = PBXFileReference; fileEncoding = 4; lastKnownFileType = sourcecode.swift; path = CustonSinpleTabBar.swift; sourceTree = "<group>"; };
		5D063A412B612637003C3E9D /* LoadIntoNFC.swift */ = {isa = PBXFileReference; fileEncoding = 4; lastKnownFileType = sourcecode.swift; path = LoadIntoNFC.swift; sourceTree = "<group>"; };
		5D063A422B612637003C3E9D /* WriteIntoNFC.swift */ = {isa = PBXFileReference; fileEncoding = 4; lastKnownFileType = sourcecode.swift; path = WriteIntoNFC.swift; sourceTree = "<group>"; };
		5D063A432B612637003C3E9D /* MainView.swift */ = {isa = PBXFileReference; fileEncoding = 4; lastKnownFileType = sourcecode.swift; path = MainView.swift; sourceTree = "<group>"; };
		5D063A452B612637003C3E9D /* ReadIntoNFCViewModel.swift */ = {isa = PBXFileReference; fileEncoding = 4; lastKnownFileType = sourcecode.swift; path = ReadIntoNFCViewModel.swift; sourceTree = "<group>"; };
		5D063A462B612637003C3E9D /* WriteIntoNFCViewModel.swift */ = {isa = PBXFileReference; fileEncoding = 4; lastKnownFileType = sourcecode.swift; path = WriteIntoNFCViewModel.swift; sourceTree = "<group>"; };
		5D063A522B62AD63003C3E9D /* Info.plist */ = {isa = PBXFileReference; lastKnownFileType = text.plist.xml; path = Info.plist; sourceTree = "<group>"; };
		5D063A542B62B1A4003C3E9D /* nfc-tagApp.entitlements */ = {isa = PBXFileReference; lastKnownFileType = text.plist.entitlements; path = "nfc-tagApp.entitlements"; sourceTree = "<group>"; };
		5D5AA7392B70C0B6003E196D /* ShotView.swift */ = {isa = PBXFileReference; lastKnownFileType = sourcecode.swift; path = ShotView.swift; sourceTree = "<group>"; };
		5D5AA73B2B70D803003E196D /* UIImagePickerView.swift */ = {isa = PBXFileReference; fileEncoding = 4; lastKnownFileType = sourcecode.swift; path = UIImagePickerView.swift; sourceTree = "<group>"; };
		5D5AA73D2B7124C3003E196D /* AsyncCompactMap.swift */ = {isa = PBXFileReference; fileEncoding = 4; lastKnownFileType = sourcecode.swift; path = AsyncCompactMap.swift; sourceTree = "<group>"; };
		5DC711D72B62B4DE00257AF3 /* GoogleService-Info.plist */ = {isa = PBXFileReference; fileEncoding = 4; lastKnownFileType = text.plist.xml; path = "GoogleService-Info.plist"; sourceTree = "<group>"; };
		5DEA0B312B6A51E60040F2E3 /* FirebaseClient.swift */ = {isa = PBXFileReference; lastKnownFileType = sourcecode.swift; path = FirebaseClient.swift; sourceTree = "<group>"; };
		5DEA0B392B6A52700040F2E3 /* Data.swift */ = {isa = PBXFileReference; lastKnownFileType = sourcecode.swift; path = Data.swift; sourceTree = "<group>"; };
/* End PBXFileReference section */

/* Begin PBXFrameworksBuildPhase section */
		5D063A152B61251A003C3E9D /* Frameworks */ = {
			isa = PBXFrameworksBuildPhase;
			buildActionMask = 2147483647;
			files = (
				5D063A312B6125BE003C3E9D /* FirebaseAnalyticsSwift in Frameworks */,
				5DC712972B6A4D7300257AF3 /* FirebaseAuth in Frameworks */,
				5D063A2D2B6125BE003C3E9D /* FirebaseAnalytics in Frameworks */,
				5D063A2F2B6125BE003C3E9D /* FirebaseAnalyticsOnDeviceConversion in Frameworks */,
				5D01DFF52B7091DD0042FE5E /* Kingfisher in Frameworks */,
				5DEA0B342B6A52060040F2E3 /* FirebaseStorage in Frameworks */,
				5D063A352B6125BE003C3E9D /* FirebaseAppCheck in Frameworks */,
				5DEA0B382B6A52540040F2E3 /* FirebaseDatabase in Frameworks */,
				5D063A332B6125BE003C3E9D /* FirebaseAnalyticsWithoutAdIdSupport in Frameworks */,
				5DEA0B362B6A522E0040F2E3 /* FirebaseFirestoreSwift in Frameworks */,
			);
			runOnlyForDeploymentPostprocessing = 0;
		};
/* End PBXFrameworksBuildPhase section */

/* Begin PBXGroup section */
		5D063A0F2B61251A003C3E9D = {
			isa = PBXGroup;
			children = (
				5D063A542B62B1A4003C3E9D /* nfc-tagApp.entitlements */,
				5D063A522B62AD63003C3E9D /* Info.plist */,
				5D063A1A2B61251B003C3E9D /* nfc-tagApp */,
				5D063A192B61251B003C3E9D /* Products */,
				5DC712952B6A4D7300257AF3 /* Frameworks */,
			);
			sourceTree = "<group>";
		};
		5D063A192B61251B003C3E9D /* Products */ = {
			isa = PBXGroup;
			children = (
				5D063A182B61251B003C3E9D /* nfc-tagApp.app */,
			);
			name = Products;
			sourceTree = "<group>";
		};
		5D063A1A2B61251B003C3E9D /* nfc-tagApp */ = {
			isa = PBXGroup;
			children = (
				5D063A1B2B61251B003C3E9D /* nfc_tagAppApp.swift */,
				5D063A372B612616003C3E9D /* CodableNFCManager.swift */,
				5D063A382B612616003C3E9D /* NFCManager.swift */,
				5D063A3B2B612637003C3E9D /* SinpleTabGroup */,
				5D063A402B612637003C3E9D /* ViewGroup */,
				5D063A442B612637003C3E9D /* ViewModelGroup */,
				5DEA0B302B6A51B40040F2E3 /* VariousOtherThings */,
				5D063A1F2B61251B003C3E9D /* Assets.xcassets */,
				5DC711D72B62B4DE00257AF3 /* GoogleService-Info.plist */,
				5D063A212B61251B003C3E9D /* Preview Content */,
			);
			path = "nfc-tagApp";
			sourceTree = "<group>";
		};
		5D063A212B61251B003C3E9D /* Preview Content */ = {
			isa = PBXGroup;
			children = (
				5D063A222B61251B003C3E9D /* Preview Assets.xcassets */,
			);
			path = "Preview Content";
			sourceTree = "<group>";
		};
		5D063A3B2B612637003C3E9D /* SinpleTabGroup */ = {
			isa = PBXGroup;
			children = (
				5D063A3C2B612637003C3E9D /* CustomSinpleTab.swift */,
				5D063A3D2B612637003C3E9D /* TabModel.swift */,
				5D063A3E2B612637003C3E9D /* TabViewModel.swift */,
				5D063A3F2B612637003C3E9D /* CustonSinpleTabBar.swift */,
			);
			path = SinpleTabGroup;
			sourceTree = "<group>";
		};
		5D063A402B612637003C3E9D /* ViewGroup */ = {
			isa = PBXGroup;
			children = (
				5D063A432B612637003C3E9D /* MainView.swift */,
				5D01DFEF2B708FFC0042FE5E /* ContentView.swift */,
				5D01DFF62B70939C0042FE5E /* NextView.swift */,
				5D5AA7392B70C0B6003E196D /* ShotView.swift */,
				5D063A412B612637003C3E9D /* LoadIntoNFC.swift */,
				5D063A422B612637003C3E9D /* WriteIntoNFC.swift */,
				5D5AA73B2B70D803003E196D /* UIImagePickerView.swift */,
			);
			path = ViewGroup;
			sourceTree = "<group>";
		};
		5D063A442B612637003C3E9D /* ViewModelGroup */ = {
			isa = PBXGroup;
			children = (
				5D063A452B612637003C3E9D /* ReadIntoNFCViewModel.swift */,
				5D063A462B612637003C3E9D /* WriteIntoNFCViewModel.swift */,
			);
			path = ViewModelGroup;
			sourceTree = "<group>";
		};
		5DC712952B6A4D7300257AF3 /* Frameworks */ = {
			isa = PBXGroup;
			children = (
			);
			name = Frameworks;
			sourceTree = "<group>";
		};
		5DEA0B302B6A51B40040F2E3 /* VariousOtherThings */ = {
			isa = PBXGroup;
			children = (
				5D5AA73D2B7124C3003E196D /* AsyncCompactMap.swift */,
				5DEA0B312B6A51E60040F2E3 /* FirebaseClient.swift */,
				5DEA0B392B6A52700040F2E3 /* Data.swift */,
				5D01DFF82B7094F30042FE5E /* CheckPermission.swift */,
				5D01DFF12B70900F0042FE5E /* SendToDB.swift */,
				5D01DFFA2B7097A90042FE5E /* ChangeImageSize.swift */,
			);
			path = VariousOtherThings;
			sourceTree = "<group>";
		};
/* End PBXGroup section */

/* Begin PBXNativeTarget section */
		5D063A172B61251A003C3E9D /* nfc-tagApp */ = {
			isa = PBXNativeTarget;
			buildConfigurationList = 5D063A262B61251B003C3E9D /* Build configuration list for PBXNativeTarget "nfc-tagApp" */;
			buildPhases = (
				5D063A142B61251A003C3E9D /* Sources */,
				5D063A152B61251A003C3E9D /* Frameworks */,
				5D063A162B61251A003C3E9D /* Resources */,
			);
			buildRules = (
			);
			dependencies = (
			);
			name = "nfc-tagApp";
			packageProductDependencies = (
				5D063A2C2B6125BE003C3E9D /* FirebaseAnalytics */,
				5D063A2E2B6125BE003C3E9D /* FirebaseAnalyticsOnDeviceConversion */,
				5D063A302B6125BE003C3E9D /* FirebaseAnalyticsSwift */,
				5D063A322B6125BE003C3E9D /* FirebaseAnalyticsWithoutAdIdSupport */,
				5D063A342B6125BE003C3E9D /* FirebaseAppCheck */,
				5DC712962B6A4D7300257AF3 /* FirebaseAuth */,
				5DEA0B332B6A52060040F2E3 /* FirebaseStorage */,
				5DEA0B352B6A522E0040F2E3 /* FirebaseFirestoreSwift */,
				5DEA0B372B6A52540040F2E3 /* FirebaseDatabase */,
				5D01DFF42B7091DD0042FE5E /* Kingfisher */,
			);
			productName = "nfc-tagApp";
			productReference = 5D063A182B61251B003C3E9D /* nfc-tagApp.app */;
			productType = "com.apple.product-type.application";
		};
/* End PBXNativeTarget section */

/* Begin PBXProject section */
		5D063A102B61251A003C3E9D /* Project object */ = {
			isa = PBXProject;
			attributes = {
				BuildIndependentTargetsInParallel = 1;
				LastSwiftUpdateCheck = 1520;
				LastUpgradeCheck = 1520;
				TargetAttributes = {
					5D063A172B61251A003C3E9D = {
						CreatedOnToolsVersion = 15.2;
					};
				};
			};
			buildConfigurationList = 5D063A132B61251A003C3E9D /* Build configuration list for PBXProject "nfc-tagApp" */;
			compatibilityVersion = "Xcode 14.0";
			developmentRegion = en;
			hasScannedForEncodings = 0;
			knownRegions = (
				en,
				Base,
			);
			mainGroup = 5D063A0F2B61251A003C3E9D;
			packageReferences = (
				5D063A2B2B6125BE003C3E9D /* XCRemoteSwiftPackageReference "firebase-ios-sdk" */,
				5D01DFF32B7091DD0042FE5E /* XCRemoteSwiftPackageReference "Kingfisher" */,
			);
			productRefGroup = 5D063A192B61251B003C3E9D /* Products */;
			projectDirPath = "";
			projectRoot = "";
			targets = (
				5D063A172B61251A003C3E9D /* nfc-tagApp */,
			);
		};
/* End PBXProject section */

/* Begin PBXResourcesBuildPhase section */
		5D063A162B61251A003C3E9D /* Resources */ = {
			isa = PBXResourcesBuildPhase;
			buildActionMask = 2147483647;
			files = (
				5D5AA7382B70B4F2003E196D /* Preview Assets.xcassets in Resources */,
				5D5AA7372B70B4EE003E196D /* Assets.xcassets in Resources */,
				5DC711D82B62B4DE00257AF3 /* GoogleService-Info.plist in Resources */,
			);
			runOnlyForDeploymentPostprocessing = 0;
		};
/* End PBXResourcesBuildPhase section */

/* Begin PBXSourcesBuildPhase section */
		5D063A142B61251A003C3E9D /* Sources */ = {
			isa = PBXSourcesBuildPhase;
			buildActionMask = 2147483647;
			files = (
				5DEA0B3A2B6A52700040F2E3 /* Data.swift in Sources */,
				5D5AA73E2B7124C3003E196D /* AsyncCompactMap.swift in Sources */,
				5D01DFF02B708FFC0042FE5E /* ContentView.swift in Sources */,
				5D063A4B2B612637003C3E9D /* LoadIntoNFC.swift in Sources */,
				5D063A392B612616003C3E9D /* CodableNFCManager.swift in Sources */,
				5D063A4F2B612637003C3E9D /* WriteIntoNFCViewModel.swift in Sources */,
				5D063A472B612637003C3E9D /* CustomSinpleTab.swift in Sources */,
				5D063A3A2B612616003C3E9D /* NFCManager.swift in Sources */,
				5D063A482B612637003C3E9D /* TabModel.swift in Sources */,
				5D063A4C2B612637003C3E9D /* WriteIntoNFC.swift in Sources */,
				5D063A4E2B612637003C3E9D /* ReadIntoNFCViewModel.swift in Sources */,
				5D01DFF72B70939C0042FE5E /* NextView.swift in Sources */,
				5D01DFFB2B7097A90042FE5E /* ChangeImageSize.swift in Sources */,
				5D063A4D2B612637003C3E9D /* MainView.swift in Sources */,
				5D01DFF22B70900F0042FE5E /* SendToDB.swift in Sources */,
				5D5AA73A2B70C0B6003E196D /* ShotView.swift in Sources */,
				5D063A492B612637003C3E9D /* TabViewModel.swift in Sources */,
				5DEA0B322B6A51E60040F2E3 /* FirebaseClient.swift in Sources */,
				5D5AA73C2B70D803003E196D /* UIImagePickerView.swift in Sources */,
				5D01DFF92B7094F30042FE5E /* CheckPermission.swift in Sources */,
				5D063A4A2B612637003C3E9D /* CustonSinpleTabBar.swift in Sources */,
				5D063A1C2B61251B003C3E9D /* nfc_tagAppApp.swift in Sources */,
			);
			runOnlyForDeploymentPostprocessing = 0;
		};
/* End PBXSourcesBuildPhase section */

/* Begin XCBuildConfiguration section */
		5D063A242B61251B003C3E9D /* Debug */ = {
			isa = XCBuildConfiguration;
			buildSettings = {
				ALWAYS_SEARCH_USER_PATHS = NO;
				ASSETCATALOG_COMPILER_GENERATE_SWIFT_ASSET_SYMBOL_EXTENSIONS = YES;
				CLANG_ANALYZER_NONNULL = YES;
				CLANG_ANALYZER_NUMBER_OBJECT_CONVERSION = YES_AGGRESSIVE;
				CLANG_CXX_LANGUAGE_STANDARD = "gnu++20";
				CLANG_ENABLE_MODULES = YES;
				CLANG_ENABLE_OBJC_ARC = YES;
				CLANG_ENABLE_OBJC_WEAK = YES;
				CLANG_WARN_BLOCK_CAPTURE_AUTORELEASING = YES;
				CLANG_WARN_BOOL_CONVERSION = YES;
				CLANG_WARN_COMMA = YES;
				CLANG_WARN_CONSTANT_CONVERSION = YES;
				CLANG_WARN_DEPRECATED_OBJC_IMPLEMENTATIONS = YES;
				CLANG_WARN_DIRECT_OBJC_ISA_USAGE = YES_ERROR;
				CLANG_WARN_DOCUMENTATION_COMMENTS = YES;
				CLANG_WARN_EMPTY_BODY = YES;
				CLANG_WARN_ENUM_CONVERSION = YES;
				CLANG_WARN_INFINITE_RECURSION = YES;
				CLANG_WARN_INT_CONVERSION = YES;
				CLANG_WARN_NON_LITERAL_NULL_CONVERSION = YES;
				CLANG_WARN_OBJC_IMPLICIT_RETAIN_SELF = YES;
				CLANG_WARN_OBJC_LITERAL_CONVERSION = YES;
				CLANG_WARN_OBJC_ROOT_CLASS = YES_ERROR;
				CLANG_WARN_QUOTED_INCLUDE_IN_FRAMEWORK_HEADER = YES;
				CLANG_WARN_RANGE_LOOP_ANALYSIS = YES;
				CLANG_WARN_STRICT_PROTOTYPES = YES;
				CLANG_WARN_SUSPICIOUS_MOVE = YES;
				CLANG_WARN_UNGUARDED_AVAILABILITY = YES_AGGRESSIVE;
				CLANG_WARN_UNREACHABLE_CODE = YES;
				CLANG_WARN__DUPLICATE_METHOD_MATCH = YES;
				COPY_PHASE_STRIP = NO;
				DEBUG_INFORMATION_FORMAT = dwarf;
				ENABLE_STRICT_OBJC_MSGSEND = YES;
				ENABLE_TESTABILITY = YES;
				ENABLE_USER_SCRIPT_SANDBOXING = YES;
				GCC_C_LANGUAGE_STANDARD = gnu17;
				GCC_DYNAMIC_NO_PIC = NO;
				GCC_NO_COMMON_BLOCKS = YES;
				GCC_OPTIMIZATION_LEVEL = 0;
				GCC_PREPROCESSOR_DEFINITIONS = (
					"DEBUG=1",
					"$(inherited)",
				);
				GCC_WARN_64_TO_32_BIT_CONVERSION = YES;
				GCC_WARN_ABOUT_RETURN_TYPE = YES_ERROR;
				GCC_WARN_UNDECLARED_SELECTOR = YES;
				GCC_WARN_UNINITIALIZED_AUTOS = YES_AGGRESSIVE;
				GCC_WARN_UNUSED_FUNCTION = YES;
				GCC_WARN_UNUSED_VARIABLE = YES;
				IPHONEOS_DEPLOYMENT_TARGET = 17.2;
				LOCALIZATION_PREFERS_STRING_CATALOGS = YES;
				MTL_ENABLE_DEBUG_INFO = INCLUDE_SOURCE;
				MTL_FAST_MATH = YES;
				ONLY_ACTIVE_ARCH = YES;
				SDKROOT = iphoneos;
				SWIFT_ACTIVE_COMPILATION_CONDITIONS = "DEBUG $(inherited)";
				SWIFT_OPTIMIZATION_LEVEL = "-Onone";
			};
			name = Debug;
		};
		5D063A252B61251B003C3E9D /* Release */ = {
			isa = XCBuildConfiguration;
			buildSettings = {
				ALWAYS_SEARCH_USER_PATHS = NO;
				ASSETCATALOG_COMPILER_GENERATE_SWIFT_ASSET_SYMBOL_EXTENSIONS = YES;
				CLANG_ANALYZER_NONNULL = YES;
				CLANG_ANALYZER_NUMBER_OBJECT_CONVERSION = YES_AGGRESSIVE;
				CLANG_CXX_LANGUAGE_STANDARD = "gnu++20";
				CLANG_ENABLE_MODULES = YES;
				CLANG_ENABLE_OBJC_ARC = YES;
				CLANG_ENABLE_OBJC_WEAK = YES;
				CLANG_WARN_BLOCK_CAPTURE_AUTORELEASING = YES;
				CLANG_WARN_BOOL_CONVERSION = YES;
				CLANG_WARN_COMMA = YES;
				CLANG_WARN_CONSTANT_CONVERSION = YES;
				CLANG_WARN_DEPRECATED_OBJC_IMPLEMENTATIONS = YES;
				CLANG_WARN_DIRECT_OBJC_ISA_USAGE = YES_ERROR;
				CLANG_WARN_DOCUMENTATION_COMMENTS = YES;
				CLANG_WARN_EMPTY_BODY = YES;
				CLANG_WARN_ENUM_CONVERSION = YES;
				CLANG_WARN_INFINITE_RECURSION = YES;
				CLANG_WARN_INT_CONVERSION = YES;
				CLANG_WARN_NON_LITERAL_NULL_CONVERSION = YES;
				CLANG_WARN_OBJC_IMPLICIT_RETAIN_SELF = YES;
				CLANG_WARN_OBJC_LITERAL_CONVERSION = YES;
				CLANG_WARN_OBJC_ROOT_CLASS = YES_ERROR;
				CLANG_WARN_QUOTED_INCLUDE_IN_FRAMEWORK_HEADER = YES;
				CLANG_WARN_RANGE_LOOP_ANALYSIS = YES;
				CLANG_WARN_STRICT_PROTOTYPES = YES;
				CLANG_WARN_SUSPICIOUS_MOVE = YES;
				CLANG_WARN_UNGUARDED_AVAILABILITY = YES_AGGRESSIVE;
				CLANG_WARN_UNREACHABLE_CODE = YES;
				CLANG_WARN__DUPLICATE_METHOD_MATCH = YES;
				COPY_PHASE_STRIP = NO;
				DEBUG_INFORMATION_FORMAT = "dwarf-with-dsym";
				ENABLE_NS_ASSERTIONS = NO;
				ENABLE_STRICT_OBJC_MSGSEND = YES;
				ENABLE_USER_SCRIPT_SANDBOXING = YES;
				GCC_C_LANGUAGE_STANDARD = gnu17;
				GCC_NO_COMMON_BLOCKS = YES;
				GCC_WARN_64_TO_32_BIT_CONVERSION = YES;
				GCC_WARN_ABOUT_RETURN_TYPE = YES_ERROR;
				GCC_WARN_UNDECLARED_SELECTOR = YES;
				GCC_WARN_UNINITIALIZED_AUTOS = YES_AGGRESSIVE;
				GCC_WARN_UNUSED_FUNCTION = YES;
				GCC_WARN_UNUSED_VARIABLE = YES;
				IPHONEOS_DEPLOYMENT_TARGET = 17.2;
				LOCALIZATION_PREFERS_STRING_CATALOGS = YES;
				MTL_ENABLE_DEBUG_INFO = NO;
				MTL_FAST_MATH = YES;
				SDKROOT = iphoneos;
				SWIFT_COMPILATION_MODE = wholemodule;
				VALIDATE_PRODUCT = YES;
			};
			name = Release;
		};
		5D063A272B61251B003C3E9D /* Debug */ = {
			isa = XCBuildConfiguration;
			buildSettings = {
				ASSETCATALOG_COMPILER_APPICON_NAME = AppIcon;
				ASSETCATALOG_COMPILER_GLOBAL_ACCENT_COLOR_NAME = AccentColor;
				CODE_SIGN_ENTITLEMENTS = "nfc-tagApp/nfc-tagApp.entitlements";
				CODE_SIGN_IDENTITY = "Apple Development";
				CODE_SIGN_STYLE = Automatic;
				CURRENT_PROJECT_VERSION = 1;
				DEVELOPMENT_ASSET_PATHS = "\"nfc-tagApp/Preview Content\"";
				DEVELOPMENT_TEAM = F584ZURPSX;
				ENABLE_PREVIEWS = YES;
				GENERATE_INFOPLIST_FILE = YES;
				INFOPLIST_FILE = "nfc-tagApp/Info.plist";
				INFOPLIST_KEY_CFBundleDisplayName = "Life is Collection !";
				INFOPLIST_KEY_NFCReaderUsageDescription = "スキャンするよ";
				INFOPLIST_KEY_NSCameraUsageDescription = "";
				INFOPLIST_KEY_NSPhotoLibraryUsageDescription = "";
				INFOPLIST_KEY_UIApplicationSupportsIndirectInputEvents = YES;
				INFOPLIST_KEY_UILaunchScreen_Generation = YES;
				INFOPLIST_KEY_UISupportedInterfaceOrientations_iPad = "UIInterfaceOrientationPortrait UIInterfaceOrientationPortraitUpsideDown UIInterfaceOrientationLandscapeLeft UIInterfaceOrientationLandscapeRight";
				INFOPLIST_KEY_UISupportedInterfaceOrientations_iPhone = "UIInterfaceOrientationPortrait UIInterfaceOrientationLandscapeLeft UIInterfaceOrientationLandscapeRight";
				LD_RUNPATH_SEARCH_PATHS = (
					"$(inherited)",
					"@executable_path/Frameworks",
				);
				MARKETING_VERSION = 1.0;
				PRODUCT_BUNDLE_IDENTIFIER = "aoba.nfc-tagApp";
				PRODUCT_NAME = "$(TARGET_NAME)";
				PROVISIONING_PROFILE_SPECIFIER = "";
				SWIFT_EMIT_LOC_STRINGS = YES;
				SWIFT_VERSION = 5.0;
				TARGETED_DEVICE_FAMILY = "1,2";
			};
			name = Debug;
		};
		5D063A282B61251B003C3E9D /* Release */ = {
			isa = XCBuildConfiguration;
			buildSettings = {
				ASSETCATALOG_COMPILER_APPICON_NAME = AppIcon;
				ASSETCATALOG_COMPILER_GLOBAL_ACCENT_COLOR_NAME = AccentColor;
				CODE_SIGN_ENTITLEMENTS = "nfc-tagApp/nfc-tagApp.entitlements";
				CODE_SIGN_IDENTITY = "Apple Development";
				CODE_SIGN_STYLE = Automatic;
				CURRENT_PROJECT_VERSION = 1;
				DEVELOPMENT_ASSET_PATHS = "\"nfc-tagApp/Preview Content\"";
				DEVELOPMENT_TEAM = F584ZURPSX;
				ENABLE_PREVIEWS = YES;
				GENERATE_INFOPLIST_FILE = YES;
				INFOPLIST_FILE = "nfc-tagApp/Info.plist";
				INFOPLIST_KEY_CFBundleDisplayName = "Life is Collection !";
				INFOPLIST_KEY_NFCReaderUsageDescription = "スキャンするよ";
				INFOPLIST_KEY_NSCameraUsageDescription = "";
				INFOPLIST_KEY_NSPhotoLibraryUsageDescription = "";
				INFOPLIST_KEY_UIApplicationSupportsIndirectInputEvents = YES;
				INFOPLIST_KEY_UILaunchScreen_Generation = YES;
				INFOPLIST_KEY_UISupportedInterfaceOrientations_iPad = "UIInterfaceOrientationPortrait UIInterfaceOrientationPortraitUpsideDown UIInterfaceOrientationLandscapeLeft UIInterfaceOrientationLandscapeRight";
				INFOPLIST_KEY_UISupportedInterfaceOrientations_iPhone = "UIInterfaceOrientationPortrait UIInterfaceOrientationLandscapeLeft UIInterfaceOrientationLandscapeRight";
				LD_RUNPATH_SEARCH_PATHS = (
					"$(inherited)",
					"@executable_path/Frameworks",
				);
				MARKETING_VERSION = 1.0;
				PRODUCT_BUNDLE_IDENTIFIER = "aoba.nfc-tagApp";
				PRODUCT_NAME = "$(TARGET_NAME)";
				PROVISIONING_PROFILE_SPECIFIER = "";
				SWIFT_EMIT_LOC_STRINGS = YES;
				SWIFT_VERSION = 5.0;
				TARGETED_DEVICE_FAMILY = "1,2";
			};
			name = Release;
		};
/* End XCBuildConfiguration section */

/* Begin XCConfigurationList section */
		5D063A132B61251A003C3E9D /* Build configuration list for PBXProject "nfc-tagApp" */ = {
			isa = XCConfigurationList;
			buildConfigurations = (
				5D063A242B61251B003C3E9D /* Debug */,
				5D063A252B61251B003C3E9D /* Release */,
			);
			defaultConfigurationIsVisible = 0;
			defaultConfigurationName = Release;
		};
		5D063A262B61251B003C3E9D /* Build configuration list for PBXNativeTarget "nfc-tagApp" */ = {
			isa = XCConfigurationList;
			buildConfigurations = (
				5D063A272B61251B003C3E9D /* Debug */,
				5D063A282B61251B003C3E9D /* Release */,
			);
			defaultConfigurationIsVisible = 0;
			defaultConfigurationName = Release;
		};
/* End XCConfigurationList section */

/* Begin XCRemoteSwiftPackageReference section */
		5D01DFF32B7091DD0042FE5E /* XCRemoteSwiftPackageReference "Kingfisher" */ = {
			isa = XCRemoteSwiftPackageReference;
			repositoryURL = "https://github.com/onevcat/Kingfisher?fbclid=IwAR16YVgx8W_MtqBbW4NpgGk-3TfDsOMYXwImqfKhhNl78xim5ZZnd6Xnv2U";
			requirement = {
				kind = upToNextMajorVersion;
				minimumVersion = 7.10.2;
			};
		};
		5D063A2B2B6125BE003C3E9D /* XCRemoteSwiftPackageReference "firebase-ios-sdk" */ = {
			isa = XCRemoteSwiftPackageReference;
			repositoryURL = "https://github.com/firebase/firebase-ios-sdk";
			requirement = {
				kind = upToNextMajorVersion;
				minimumVersion = 10.20.0;
			};
		};
/* End XCRemoteSwiftPackageReference section */

/* Begin XCSwiftPackageProductDependency section */
		5D01DFF42B7091DD0042FE5E /* Kingfisher */ = {
			isa = XCSwiftPackageProductDependency;
			package = 5D01DFF32B7091DD0042FE5E /* XCRemoteSwiftPackageReference "Kingfisher" */;
			productName = Kingfisher;
		};
		5D063A2C2B6125BE003C3E9D /* FirebaseAnalytics */ = {
			isa = XCSwiftPackageProductDependency;
			package = 5D063A2B2B6125BE003C3E9D /* XCRemoteSwiftPackageReference "firebase-ios-sdk" */;
			productName = FirebaseAnalytics;
		};
		5D063A2E2B6125BE003C3E9D /* FirebaseAnalyticsOnDeviceConversion */ = {
			isa = XCSwiftPackageProductDependency;
			package = 5D063A2B2B6125BE003C3E9D /* XCRemoteSwiftPackageReference "firebase-ios-sdk" */;
			productName = FirebaseAnalyticsOnDeviceConversion;
		};
		5D063A302B6125BE003C3E9D /* FirebaseAnalyticsSwift */ = {
			isa = XCSwiftPackageProductDependency;
			package = 5D063A2B2B6125BE003C3E9D /* XCRemoteSwiftPackageReference "firebase-ios-sdk" */;
			productName = FirebaseAnalyticsSwift;
		};
		5D063A322B6125BE003C3E9D /* FirebaseAnalyticsWithoutAdIdSupport */ = {
			isa = XCSwiftPackageProductDependency;
			package = 5D063A2B2B6125BE003C3E9D /* XCRemoteSwiftPackageReference "firebase-ios-sdk" */;
			productName = FirebaseAnalyticsWithoutAdIdSupport;
		};
		5D063A342B6125BE003C3E9D /* FirebaseAppCheck */ = {
			isa = XCSwiftPackageProductDependency;
			package = 5D063A2B2B6125BE003C3E9D /* XCRemoteSwiftPackageReference "firebase-ios-sdk" */;
			productName = FirebaseAppCheck;
		};
		5DC712962B6A4D7300257AF3 /* FirebaseAuth */ = {
			isa = XCSwiftPackageProductDependency;
			package = 5D063A2B2B6125BE003C3E9D /* XCRemoteSwiftPackageReference "firebase-ios-sdk" */;
			productName = FirebaseAuth;
		};
		5DEA0B332B6A52060040F2E3 /* FirebaseStorage */ = {
			isa = XCSwiftPackageProductDependency;
			package = 5D063A2B2B6125BE003C3E9D /* XCRemoteSwiftPackageReference "firebase-ios-sdk" */;
			productName = FirebaseStorage;
		};
		5DEA0B352B6A522E0040F2E3 /* FirebaseFirestoreSwift */ = {
			isa = XCSwiftPackageProductDependency;
			package = 5D063A2B2B6125BE003C3E9D /* XCRemoteSwiftPackageReference "firebase-ios-sdk" */;
			productName = FirebaseFirestoreSwift;
		};
		5DEA0B372B6A52540040F2E3 /* FirebaseDatabase */ = {
			isa = XCSwiftPackageProductDependency;
			package = 5D063A2B2B6125BE003C3E9D /* XCRemoteSwiftPackageReference "firebase-ios-sdk" */;
			productName = FirebaseDatabase;
		};
/* End XCSwiftPackageProductDependency section */
	};
	rootObject = 5D063A102B61251A003C3E9D /* Project object */;
}
